
Microsoft Visual Studio Solution File, Format Version 12.00
# Visual Studio Version 16
VisualStudioVersion = 16.0.31105.61
MinimumVisualStudioVersion = 10.0.40219.1
Project("{FAE04EC0-301F-11D3-BF4B-00C04F79EFBC}") = "ASPX_2Templates", "ASPX_2Templates.csproj", "{F9252613-4B74-4A0B-B58A-C391F100323E}"
EndProject
Global
	GlobalSection(SolutionConfigurationPlatforms) = preSolution
		Debug|Any CPU = Debug|Any CPU
		Release|Any CPU = Release|Any CPU
	EndGlobalSection
	GlobalSection(ProjectConfigurationPlatforms) = postSolution
		{F9252613-4B74-4A0B-B58A-C391F100323E}.Debug|Any CPU.ActiveCfg = Debug|Any CPU
		{F9252613-4B74-4A0B-B58A-C391F100323E}.Debug|Any CPU.Build.0 = Debug|Any CPU
		{F9252613-4B74-4A0B-B58A-C391F100323E}.Release|Any CPU.ActiveCfg = Release|Any CPU
		{F9252613-4B74-4A0B-B58A-C391F100323E}.Release|Any CPU.Build.0 = Release|Any CPU
	EndGlobalSection
	GlobalSection(SolutionProperties) = preSolution
		HideSolutionNode = FALSE
	EndGlobalSection
	GlobalSection(ExtensibilityGlobals) = postSolution
		SolutionGuid = {17BEAE90-0B91-4B21-B606-54A880006D1B}
	EndGlobalSection
EndGlobal
